
Microsoft Visual Studio Solution File, Format Version 12.00
# Visual Studio Version 17
VisualStudioVersion = 17.5.33627.172
MinimumVisualStudioVersion = 10.0.40219.1
Project("{8BC9CEB8-8B4A-11D0-8D11-00A0C91BC942}") = "75", "75.vcxproj", "{49A450C4-63D0-4EFB-BC7C-1C96866F839E}"
EndProject
Global
	GlobalSection(SolutionConfigurationPlatforms) = preSolution
		Debug|x64 = Debug|x64
		Debug|x86 = Debug|x86
		Release|x64 = Release|x64
		Release|x86 = Release|x86
	EndGlobalSection
	GlobalSection(ProjectConfigurationPlatforms) = postSolution
		{49A450C4-63D0-4EFB-BC7C-1C96866F839E}.Debug|x64.ActiveCfg = Debug|x64
		{49A450C4-63D0-4EFB-BC7C-1C96866F839E}.Debug|x64.Build.0 = Debug|x64
		{49A450C4-63D0-4EFB-BC7C-1C96866F839E}.Debug|x86.ActiveCfg = Debug|Win32
		{49A450C4-63D0-4EFB-BC7C-1C96866F839E}.Debug|x86.Build.0 = Debug|Win32
		{49A450C4-63D0-4EFB-BC7C-1C96866F839E}.Release|x64.ActiveCfg = Release|x64
		{49A450C4-63D0-4EFB-BC7C-1C96866F839E}.Release|x64.Build.0 = Release|x64
		{49A450C4-63D0-4EFB-BC7C-1C96866F839E}.Release|x86.ActiveCfg = Release|Win32
		{49A450C4-63D0-4EFB-BC7C-1C96866F839E}.Release|x86.Build.0 = Release|Win32
	EndGlobalSection
	GlobalSection(SolutionProperties) = preSolution
		HideSolutionNode = FALSE
	EndGlobalSection
	GlobalSection(ExtensibilityGlobals) = postSolution
		SolutionGuid = {5A0BFF53-3837-4886-8C5D-E0B18628C55F}
	EndGlobalSection
EndGlobal
