
Microsoft Visual Studio Solution File, Format Version 12.00
# Visual Studio Version 17
VisualStudioVersion = 17.5.33627.172
MinimumVisualStudioVersion = 10.0.40219.1
Project("{8BC9CEB8-8B4A-11D0-8D11-00A0C91BC942}") = "추억 점수", "추억 점수.vcxproj", "{6A13CD6E-22AE-4320-BC04-E4431C1B9E96}"
EndProject
Global
	GlobalSection(SolutionConfigurationPlatforms) = preSolution
		Debug|x64 = Debug|x64
		Debug|x86 = Debug|x86
		Release|x64 = Release|x64
		Release|x86 = Release|x86
	EndGlobalSection
	GlobalSection(ProjectConfigurationPlatforms) = postSolution
		{6A13CD6E-22AE-4320-BC04-E4431C1B9E96}.Debug|x64.ActiveCfg = Debug|x64
		{6A13CD6E-22AE-4320-BC04-E4431C1B9E96}.Debug|x64.Build.0 = Debug|x64
		{6A13CD6E-22AE-4320-BC04-E4431C1B9E96}.Debug|x86.ActiveCfg = Debug|Win32
		{6A13CD6E-22AE-4320-BC04-E4431C1B9E96}.Debug|x86.Build.0 = Debug|Win32
		{6A13CD6E-22AE-4320-BC04-E4431C1B9E96}.Release|x64.ActiveCfg = Release|x64
		{6A13CD6E-22AE-4320-BC04-E4431C1B9E96}.Release|x64.Build.0 = Release|x64
		{6A13CD6E-22AE-4320-BC04-E4431C1B9E96}.Release|x86.ActiveCfg = Release|Win32
		{6A13CD6E-22AE-4320-BC04-E4431C1B9E96}.Release|x86.Build.0 = Release|Win32
	EndGlobalSection
	GlobalSection(SolutionProperties) = preSolution
		HideSolutionNode = FALSE
	EndGlobalSection
	GlobalSection(ExtensibilityGlobals) = postSolution
		SolutionGuid = {F5444E25-A5C0-41A3-B699-112C6F0F5A67}
	EndGlobalSection
EndGlobal
