
Microsoft Visual Studio Solution File, Format Version 12.00
# Visual Studio Version 17
VisualStudioVersion = 17.5.33627.172
MinimumVisualStudioVersion = 10.0.40219.1
Project("{8BC9CEB8-8B4A-11D0-8D11-00A0C91BC942}") = "공장", "공장.vcxproj", "{CD6B0CD1-1222-417A-8208-911A5477E08C}"
EndProject
Global
	GlobalSection(SolutionConfigurationPlatforms) = preSolution
		Debug|x64 = Debug|x64
		Debug|x86 = Debug|x86
		Release|x64 = Release|x64
		Release|x86 = Release|x86
	EndGlobalSection
	GlobalSection(ProjectConfigurationPlatforms) = postSolution
		{CD6B0CD1-1222-417A-8208-911A5477E08C}.Debug|x64.ActiveCfg = Debug|x64
		{CD6B0CD1-1222-417A-8208-911A5477E08C}.Debug|x64.Build.0 = Debug|x64
		{CD6B0CD1-1222-417A-8208-911A5477E08C}.Debug|x86.ActiveCfg = Debug|Win32
		{CD6B0CD1-1222-417A-8208-911A5477E08C}.Debug|x86.Build.0 = Debug|Win32
		{CD6B0CD1-1222-417A-8208-911A5477E08C}.Release|x64.ActiveCfg = Release|x64
		{CD6B0CD1-1222-417A-8208-911A5477E08C}.Release|x64.Build.0 = Release|x64
		{CD6B0CD1-1222-417A-8208-911A5477E08C}.Release|x86.ActiveCfg = Release|Win32
		{CD6B0CD1-1222-417A-8208-911A5477E08C}.Release|x86.Build.0 = Release|Win32
	EndGlobalSection
	GlobalSection(SolutionProperties) = preSolution
		HideSolutionNode = FALSE
	EndGlobalSection
	GlobalSection(ExtensibilityGlobals) = postSolution
		SolutionGuid = {3E6602FF-ABE0-4730-92BC-1A6B04E48A52}
	EndGlobalSection
EndGlobal
