
Microsoft Visual Studio Solution File, Format Version 12.00
# Visual Studio Version 17
VisualStudioVersion = 17.5.33627.172
MinimumVisualStudioVersion = 10.0.40219.1
Project("{8BC9CEB8-8B4A-11D0-8D11-00A0C91BC942}") = "돌다리 건너기(Bottom-Up)", "돌다리 건너기(Bottom-Up).vcxproj", "{74A16F73-2837-4AF2-B5DD-75919C33C7C8}"
EndProject
Global
	GlobalSection(SolutionConfigurationPlatforms) = preSolution
		Debug|x64 = Debug|x64
		Debug|x86 = Debug|x86
		Release|x64 = Release|x64
		Release|x86 = Release|x86
	EndGlobalSection
	GlobalSection(ProjectConfigurationPlatforms) = postSolution
		{74A16F73-2837-4AF2-B5DD-75919C33C7C8}.Debug|x64.ActiveCfg = Debug|x64
		{74A16F73-2837-4AF2-B5DD-75919C33C7C8}.Debug|x64.Build.0 = Debug|x64
		{74A16F73-2837-4AF2-B5DD-75919C33C7C8}.Debug|x86.ActiveCfg = Debug|Win32
		{74A16F73-2837-4AF2-B5DD-75919C33C7C8}.Debug|x86.Build.0 = Debug|Win32
		{74A16F73-2837-4AF2-B5DD-75919C33C7C8}.Release|x64.ActiveCfg = Release|x64
		{74A16F73-2837-4AF2-B5DD-75919C33C7C8}.Release|x64.Build.0 = Release|x64
		{74A16F73-2837-4AF2-B5DD-75919C33C7C8}.Release|x86.ActiveCfg = Release|Win32
		{74A16F73-2837-4AF2-B5DD-75919C33C7C8}.Release|x86.Build.0 = Release|Win32
	EndGlobalSection
	GlobalSection(SolutionProperties) = preSolution
		HideSolutionNode = FALSE
	EndGlobalSection
	GlobalSection(ExtensibilityGlobals) = postSolution
		SolutionGuid = {217639C5-1F44-4FE5-830C-122D2B62AB00}
	EndGlobalSection
EndGlobal
