
Microsoft Visual Studio Solution File, Format Version 12.00
# Visual Studio Version 17
VisualStudioVersion = 17.5.33627.172
MinimumVisualStudioVersion = 10.0.40219.1
Project("{8BC9CEB8-8B4A-11D0-8D11-00A0C91BC942}") = "DFS 순열", "DFS 순열.vcxproj", "{0F145DC4-1177-41A3-A30B-B1936C7698B7}"
EndProject
Global
	GlobalSection(SolutionConfigurationPlatforms) = preSolution
		Debug|x64 = Debug|x64
		Debug|x86 = Debug|x86
		Release|x64 = Release|x64
		Release|x86 = Release|x86
	EndGlobalSection
	GlobalSection(ProjectConfigurationPlatforms) = postSolution
		{0F145DC4-1177-41A3-A30B-B1936C7698B7}.Debug|x64.ActiveCfg = Debug|x64
		{0F145DC4-1177-41A3-A30B-B1936C7698B7}.Debug|x64.Build.0 = Debug|x64
		{0F145DC4-1177-41A3-A30B-B1936C7698B7}.Debug|x86.ActiveCfg = Debug|Win32
		{0F145DC4-1177-41A3-A30B-B1936C7698B7}.Debug|x86.Build.0 = Debug|Win32
		{0F145DC4-1177-41A3-A30B-B1936C7698B7}.Release|x64.ActiveCfg = Release|x64
		{0F145DC4-1177-41A3-A30B-B1936C7698B7}.Release|x64.Build.0 = Release|x64
		{0F145DC4-1177-41A3-A30B-B1936C7698B7}.Release|x86.ActiveCfg = Release|Win32
		{0F145DC4-1177-41A3-A30B-B1936C7698B7}.Release|x86.Build.0 = Release|Win32
	EndGlobalSection
	GlobalSection(SolutionProperties) = preSolution
		HideSolutionNode = FALSE
	EndGlobalSection
	GlobalSection(ExtensibilityGlobals) = postSolution
		SolutionGuid = {26D43FB3-5A95-4153-9515-F673345A2028}
	EndGlobalSection
EndGlobal
