
Microsoft Visual Studio Solution File, Format Version 12.00
# Visual Studio Version 17
VisualStudioVersion = 17.2.32630.192
MinimumVisualStudioVersion = 10.0.40219.1
Project("{8BC9CEB8-8B4A-11D0-8D11-00A0C91BC942}") = "2738_행렬 덧셈", "2738_행렬 덧셈\2738_행렬 덧셈.vcxproj", "{F9C44DCD-35FE-44E9-96F1-7F9D3AE94C61}"
EndProject
Global
	GlobalSection(SolutionConfigurationPlatforms) = preSolution
		Debug|x64 = Debug|x64
		Debug|x86 = Debug|x86
		Release|x64 = Release|x64
		Release|x86 = Release|x86
	EndGlobalSection
	GlobalSection(ProjectConfigurationPlatforms) = postSolution
		{F9C44DCD-35FE-44E9-96F1-7F9D3AE94C61}.Debug|x64.ActiveCfg = Debug|x64
		{F9C44DCD-35FE-44E9-96F1-7F9D3AE94C61}.Debug|x64.Build.0 = Debug|x64
		{F9C44DCD-35FE-44E9-96F1-7F9D3AE94C61}.Debug|x86.ActiveCfg = Debug|Win32
		{F9C44DCD-35FE-44E9-96F1-7F9D3AE94C61}.Debug|x86.Build.0 = Debug|Win32
		{F9C44DCD-35FE-44E9-96F1-7F9D3AE94C61}.Release|x64.ActiveCfg = Release|x64
		{F9C44DCD-35FE-44E9-96F1-7F9D3AE94C61}.Release|x64.Build.0 = Release|x64
		{F9C44DCD-35FE-44E9-96F1-7F9D3AE94C61}.Release|x86.ActiveCfg = Release|Win32
		{F9C44DCD-35FE-44E9-96F1-7F9D3AE94C61}.Release|x86.Build.0 = Release|Win32
	EndGlobalSection
	GlobalSection(SolutionProperties) = preSolution
		HideSolutionNode = FALSE
	EndGlobalSection
	GlobalSection(ExtensibilityGlobals) = postSolution
		SolutionGuid = {F20FFE3E-268C-49D0-9FCA-F344B2C83F1B}
	EndGlobalSection
EndGlobal
