
Microsoft Visual Studio Solution File, Format Version 12.00
# Visual Studio Version 17
VisualStudioVersion = 17.5.33627.172
MinimumVisualStudioVersion = 10.0.40219.1
Project("{8BC9CEB8-8B4A-11D0-8D11-00A0C91BC942}") = "87", "87.vcxproj", "{19F99189-0F33-46C3-880D-F8F17089BEFA}"
EndProject
Global
	GlobalSection(SolutionConfigurationPlatforms) = preSolution
		Debug|x64 = Debug|x64
		Debug|x86 = Debug|x86
		Release|x64 = Release|x64
		Release|x86 = Release|x86
	EndGlobalSection
	GlobalSection(ProjectConfigurationPlatforms) = postSolution
		{19F99189-0F33-46C3-880D-F8F17089BEFA}.Debug|x64.ActiveCfg = Debug|x64
		{19F99189-0F33-46C3-880D-F8F17089BEFA}.Debug|x64.Build.0 = Debug|x64
		{19F99189-0F33-46C3-880D-F8F17089BEFA}.Debug|x86.ActiveCfg = Debug|Win32
		{19F99189-0F33-46C3-880D-F8F17089BEFA}.Debug|x86.Build.0 = Debug|Win32
		{19F99189-0F33-46C3-880D-F8F17089BEFA}.Release|x64.ActiveCfg = Release|x64
		{19F99189-0F33-46C3-880D-F8F17089BEFA}.Release|x64.Build.0 = Release|x64
		{19F99189-0F33-46C3-880D-F8F17089BEFA}.Release|x86.ActiveCfg = Release|Win32
		{19F99189-0F33-46C3-880D-F8F17089BEFA}.Release|x86.Build.0 = Release|Win32
	EndGlobalSection
	GlobalSection(SolutionProperties) = preSolution
		HideSolutionNode = FALSE
	EndGlobalSection
	GlobalSection(ExtensibilityGlobals) = postSolution
		SolutionGuid = {F5E360B6-9A45-4303-9C64-CCF80EA2F295}
	EndGlobalSection
EndGlobal
